
Microsoft Visual Studio Solution File, Format Version 12.00
Project("{2150E333-8FDC-42A3-9474-1A3956D46DE8}") = "Src", "Src", "{2AEB511A-30DD-41C4-B17C-DB07F7224905}"
EndProject
Project("{2150E333-8FDC-42A3-9474-1A3956D46DE8}") = "Test", "Test", "{B6D987B9-7403-48E9-AC9C-C58466505815}"
EndProject
Project("{2150E333-8FDC-42A3-9474-1A3956D46DE8}") = "Samples", "Samples", "{4AC60252-97BF-4806-89A4-AD11375E2DEC}"
EndProject
Project("{FAE04EC0-301F-11D3-BF4B-00C04F79EFBC}") = "CoreBrew.Enumerable", "Src\CoreBrew.Enumerable\CoreBrew.Enumerable.csproj", "{5BC75C6C-B31C-4525-8B75-8E5EAD9CD401}"
EndProject
Project("{FAE04EC0-301F-11D3-BF4B-00C04F79EFBC}") = "Test.CoreBrew.Enumerable", "Test\Test.CoreBrew.Enumerable\Test.CoreBrew.Enumerable.csproj", "{3FD73E1D-D9D2-4C27-AC99-018C005661C1}"
EndProject
Global
	GlobalSection(SolutionConfigurationPlatforms) = preSolution
		Debug|Any CPU = Debug|Any CPU
		Release|Any CPU = Release|Any CPU
	EndGlobalSection
	GlobalSection(NestedProjects) = preSolution
		{5BC75C6C-B31C-4525-8B75-8E5EAD9CD401} = {2AEB511A-30DD-41C4-B17C-DB07F7224905}
		{3FD73E1D-D9D2-4C27-AC99-018C005661C1} = {B6D987B9-7403-48E9-AC9C-C58466505815}
	EndGlobalSection
	GlobalSection(ProjectConfigurationPlatforms) = postSolution
		{5BC75C6C-B31C-4525-8B75-8E5EAD9CD401}.Debug|Any CPU.ActiveCfg = Debug|Any CPU
		{5BC75C6C-B31C-4525-8B75-8E5EAD9CD401}.Debug|Any CPU.Build.0 = Debug|Any CPU
		{5BC75C6C-B31C-4525-8B75-8E5EAD9CD401}.Release|Any CPU.ActiveCfg = Release|Any CPU
		{5BC75C6C-B31C-4525-8B75-8E5EAD9CD401}.Release|Any CPU.Build.0 = Release|Any CPU
		{3FD73E1D-D9D2-4C27-AC99-018C005661C1}.Debug|Any CPU.ActiveCfg = Debug|Any CPU
		{3FD73E1D-D9D2-4C27-AC99-018C005661C1}.Debug|Any CPU.Build.0 = Debug|Any CPU
		{3FD73E1D-D9D2-4C27-AC99-018C005661C1}.Release|Any CPU.ActiveCfg = Release|Any CPU
		{3FD73E1D-D9D2-4C27-AC99-018C005661C1}.Release|Any CPU.Build.0 = Release|Any CPU
	EndGlobalSection
EndGlobal
